
Microsoft Visual Studio Solution File, Format Version 12.00
# Visual Studio Version 17
VisualStudioVersion = 17.12.35527.113
MinimumVisualStudioVersion = 10.0.40219.1
Project("{2150E333-8FDC-42A3-9474-1A3956D46DE8}") = "src", "src", "{AA14FFB0-8B02-4195-A4CA-FE745C38CE48}"
EndProject
Project("{2150E333-8FDC-42A3-9474-1A3956D46DE8}") = "test", "test", "{4B70861B-D49C-40D5-B1F0-A4E0BBC0A37A}"
EndProject
Project("{2150E333-8FDC-42A3-9474-1A3956D46DE8}") = "API", "API", "{A3AC16A6-EE2E-4E11-AF7D-237DC15B04E0}"
EndProject
Project("{2150E333-8FDC-42A3-9474-1A3956D46DE8}") = "Core", "Core", "{9AB96AD6-8A64-4024-B733-86C725636324}"
EndProject
Project("{2150E333-8FDC-42A3-9474-1A3956D46DE8}") = "Infrastructure", "Infrastructure", "{DE3A2CA3-94CA-443E-A489-F8DE91CA3C60}"
EndProject
Project("{2150E333-8FDC-42A3-9474-1A3956D46DE8}") = "UI", "UI", "{255A4124-109D-4CC0-AAC5-70AB6F87B1D0}"
EndProject
Project("{FAE04EC0-301F-11D3-BF4B-00C04F79EFBC}") = "Platform.Vm.Mgmt.Domain", "Platform.Vm.Mgmt.Domain\Platform.Vm.Mgmt.Domain.csproj", "{73E25ECF-29A8-412D-8485-77F086AFEFF9}"
EndProject
Project("{FAE04EC0-301F-11D3-BF4B-00C04F79EFBC}") = "Platform.Vm.Mgmt.Application", "Platform.Vm.Mgmt.Application\Platform.Vm.Mgmt.Application.csproj", "{280B2E18-8284-420D-9190-B8E27803FDC6}"
EndProject
Project("{FAE04EC0-301F-11D3-BF4B-00C04F79EFBC}") = "Platform.Vm.Mgmt.Persistence", "Platform.Vm.Mgmt.Persistence\Platform.Vm.Mgmt.Persistence.csproj", "{B3E6E805-DC8F-4A9A-AC05-D6D028D05D89}"
EndProject
Project("{FAE04EC0-301F-11D3-BF4B-00C04F79EFBC}") = "Platform.Vm.Mgmt.Persistence.EfCore", "Platform.Vm.Mgmt.Persistence.EfCore\Platform.Vm.Mgmt.Persistence.EfCore.csproj", "{000F6305-9D9A-45C1-9D66-14BB2ACA5D82}"
EndProject
Project("{FAE04EC0-301F-11D3-BF4B-00C04F79EFBC}") = "Platform.Vm.Mgmt.Infrastructure", "Platform.Vm.Mgmt.Infrastructure\Platform.Vm.Mgmt.Infrastructure.csproj", "{289354F8-AB73-49DC-8315-0413D85163F6}"
EndProject
Project("{FAE04EC0-301F-11D3-BF4B-00C04F79EFBC}") = "Platform.Vm.Mgmt.Api", "Platform.Vm.Mgmt.Api\Platform.Vm.Mgmt.Api.csproj", "{B7868F09-7DF2-43A6-8D58-575A6EE1F9CA}"
EndProject
Global
	GlobalSection(SolutionConfigurationPlatforms) = preSolution
		Debug|Any CPU = Debug|Any CPU
		Release|Any CPU = Release|Any CPU
	EndGlobalSection
	GlobalSection(ProjectConfigurationPlatforms) = postSolution
		{73E25ECF-29A8-412D-8485-77F086AFEFF9}.Debug|Any CPU.ActiveCfg = Debug|Any CPU
		{73E25ECF-29A8-412D-8485-77F086AFEFF9}.Debug|Any CPU.Build.0 = Debug|Any CPU
		{73E25ECF-29A8-412D-8485-77F086AFEFF9}.Release|Any CPU.ActiveCfg = Release|Any CPU
		{73E25ECF-29A8-412D-8485-77F086AFEFF9}.Release|Any CPU.Build.0 = Release|Any CPU
		{280B2E18-8284-420D-9190-B8E27803FDC6}.Debug|Any CPU.ActiveCfg = Debug|Any CPU
		{280B2E18-8284-420D-9190-B8E27803FDC6}.Debug|Any CPU.Build.0 = Debug|Any CPU
		{280B2E18-8284-420D-9190-B8E27803FDC6}.Release|Any CPU.ActiveCfg = Release|Any CPU
		{280B2E18-8284-420D-9190-B8E27803FDC6}.Release|Any CPU.Build.0 = Release|Any CPU
		{B3E6E805-DC8F-4A9A-AC05-D6D028D05D89}.Debug|Any CPU.ActiveCfg = Debug|Any CPU
		{B3E6E805-DC8F-4A9A-AC05-D6D028D05D89}.Debug|Any CPU.Build.0 = Debug|Any CPU
		{B3E6E805-DC8F-4A9A-AC05-D6D028D05D89}.Release|Any CPU.ActiveCfg = Release|Any CPU
		{B3E6E805-DC8F-4A9A-AC05-D6D028D05D89}.Release|Any CPU.Build.0 = Release|Any CPU
		{000F6305-9D9A-45C1-9D66-14BB2ACA5D82}.Debug|Any CPU.ActiveCfg = Debug|Any CPU
		{000F6305-9D9A-45C1-9D66-14BB2ACA5D82}.Debug|Any CPU.Build.0 = Debug|Any CPU
		{000F6305-9D9A-45C1-9D66-14BB2ACA5D82}.Release|Any CPU.ActiveCfg = Release|Any CPU
		{000F6305-9D9A-45C1-9D66-14BB2ACA5D82}.Release|Any CPU.Build.0 = Release|Any CPU
		{289354F8-AB73-49DC-8315-0413D85163F6}.Debug|Any CPU.ActiveCfg = Debug|Any CPU
		{289354F8-AB73-49DC-8315-0413D85163F6}.Debug|Any CPU.Build.0 = Debug|Any CPU
		{289354F8-AB73-49DC-8315-0413D85163F6}.Release|Any CPU.ActiveCfg = Release|Any CPU
		{289354F8-AB73-49DC-8315-0413D85163F6}.Release|Any CPU.Build.0 = Release|Any CPU
		{B7868F09-7DF2-43A6-8D58-575A6EE1F9CA}.Debug|Any CPU.ActiveCfg = Debug|Any CPU
		{B7868F09-7DF2-43A6-8D58-575A6EE1F9CA}.Debug|Any CPU.Build.0 = Debug|Any CPU
		{B7868F09-7DF2-43A6-8D58-575A6EE1F9CA}.Release|Any CPU.ActiveCfg = Release|Any CPU
		{B7868F09-7DF2-43A6-8D58-575A6EE1F9CA}.Release|Any CPU.Build.0 = Release|Any CPU
	EndGlobalSection
	GlobalSection(SolutionProperties) = preSolution
		HideSolutionNode = FALSE
	EndGlobalSection
	GlobalSection(NestedProjects) = preSolution
		{A3AC16A6-EE2E-4E11-AF7D-237DC15B04E0} = {AA14FFB0-8B02-4195-A4CA-FE745C38CE48}
		{9AB96AD6-8A64-4024-B733-86C725636324} = {AA14FFB0-8B02-4195-A4CA-FE745C38CE48}
		{DE3A2CA3-94CA-443E-A489-F8DE91CA3C60} = {AA14FFB0-8B02-4195-A4CA-FE745C38CE48}
		{255A4124-109D-4CC0-AAC5-70AB6F87B1D0} = {AA14FFB0-8B02-4195-A4CA-FE745C38CE48}
		{73E25ECF-29A8-412D-8485-77F086AFEFF9} = {9AB96AD6-8A64-4024-B733-86C725636324}
		{280B2E18-8284-420D-9190-B8E27803FDC6} = {9AB96AD6-8A64-4024-B733-86C725636324}
		{B3E6E805-DC8F-4A9A-AC05-D6D028D05D89} = {DE3A2CA3-94CA-443E-A489-F8DE91CA3C60}
		{000F6305-9D9A-45C1-9D66-14BB2ACA5D82} = {DE3A2CA3-94CA-443E-A489-F8DE91CA3C60}
		{289354F8-AB73-49DC-8315-0413D85163F6} = {DE3A2CA3-94CA-443E-A489-F8DE91CA3C60}
		{B7868F09-7DF2-43A6-8D58-575A6EE1F9CA} = {A3AC16A6-EE2E-4E11-AF7D-237DC15B04E0}
	EndGlobalSection
EndGlobal
